github.com/cratonica/2goarray v0.0.0-20181003131821-6736de72d774 h1:l/g0YOMLRb1PtdSfG5PZe+LIOlZ7lvpyL3T/tOJaUeg=
github.com/cratonica/2goarray v0.0.0-20181003131821-6736de72d774/go.mod h1:6Arca19mRx58CA7OWEd7Wu1NpC1rd3uDnNs6s1pj/DI=
github.com/gen2brain/dlgs v0.0.0-20180629122906-342edb4c68c1 h1:16o0LcrCHuKADRSOTYxoXTRQpdVo9BDeABauof+9Em8=
github.com/gen2brain/dlgs v0.0.0-20180629122906-342edb4c68c1/go.mod h1:/eFcjDXaU2THSOOqLxOPETIbHETnamk8FA/hMjhg/gU=
github.com/getlantern/context v0.0.0-20190109183933-c447772a6520 h1:NRUJuo3v3WGC/g5YiyF790gut6oQr5f3FBI88Wv0dx4=
github.com/getlantern/context v0.0.0-20190109183933-c447772a6520/go.mod h1:L+mq6/vvYHKjCX2oez0CgEAJmbq1fbb/oNJIWQkBybY=
github.com/getlantern/errors v0.0.0-20180829142810-e24b7f4ff7c7 h1:pKm0g6hKvbd09FUAfFdlGBV/1L1e2KnXsapRNR6Z5/E=
github.com/getlantern/errors v0.0.0-20180829142810-e24b7f4ff7c7/go.mod h1:l+xpFBrCtDLpK9qNjxs+cHU6+BAdlBaxHqikB6Lku3A=
github.com/getlantern/golog v0.0.0-20170508214112-cca714f7feb5 h1:Okd7vkn9CfIgDBj1ST/vtBTCfD/kxIhYD412K+FRKPc=
github.com/getlantern/golog v0.0.0-20170508214112-cca714f7feb5/go.mod h1:Vwx1Cg64gCdIalad44uvQsKZw6LsVczIKZrUBStEjVw=
github.com/getlantern/hex v0.0.0-20160523043825-083fba3033ad h1:L/UatDVr6opOJnZdZnGwhFXjoIUwO6RHULxPyzb60L4=
github.com/getlantern/hex v0.0.0-20160523043825-083fba3033ad/go.mod h1:dD3CgOrwlzca8ed61CsZouQS5h5jIzkK9ZWrTcf0s+o=
github.com/getlantern/hidden v0.0.0-20160523043807-d52a649ab33a h1:gF6WQx7V8q91bBC4MUWOuKnWjUcDDi27d1zMdB0hPnM=
github.com/getlantern/hidden v0.0.0-20160523043807-d52a649ab33a/go.mod h1:6mmzY2kW1TOOrVy+r41Za2MxXM+hhqTtY3oBKd2AgFA=
github.com/getlantern/ops v0.0.0-20170904182230-37353306c908 h1:PiLUBXrdcPfVqAQVqLGCfKVq/5KI3KsRowk2mJ7IuVk=
github.com/getlantern/ops v0.0.0-20170904182230-37353306c908/go.mod h1:D5ao98qkA6pxftxoqzibIBBrLSUli+kYnJqrgBf9cIA=
github.com/getlantern/systray v0.0.0-20181206010516-eaad7114094d h1:1PsoSn8fvXAL8z5SQwYAO9HsU5OSbWLKA1A0YfeejaU=
github.com/getlantern/systray v0.0.0-20181206010516-eaad7114094d/go.mod h1:7Splj4WBQSps8jODnMgrIV6goKL0N1HR+mhCAEVWlA0=
github.com/go-stack/stack v1.8.0 h1:5SgMzNM5HxrEjV0ww2lTmX6E2Izsfxas4+YHWRs3Lsk=
github.com/go-stack/stack v1.8.0/go.mod h1:v0f6uXyyMGvRgIKkXu+yp6POWl0qKG85gN/melR3HDY=
github.com/kettek/arbitray-go v0.0.0-20190130010508-7a6e80efb84a h1:/p/5M8eYHUA83HyHwLh+J151gRhg6TqjtCzJUGTJbs8=
github.com/oxtoacart/bpool v0.0.0-20150712133111-4e1c5567d7c2 h1:CXwSGu/LYmbjEab5aMCs5usQRVBGThelUKBNnoSOuso=
github.com/oxtoacart/bpool v0.0.0-20150712133111-4e1c5567d7c2/go.mod h1:L3UMQOThbttwfYRNFOWLLVXMhk5Lkio4GGOtw5UrxS0=
golang.org/x/sys v0.0.0-20190129075346-302c3dd5f1cc h1:WiYx1rIFmx8c0mXAFtv5D/mHyKe1+jmuP7PViuwqwuQ=
golang.org/x/sys v0.0.0-20190129075346-302c3dd5f1cc/go.mod h1:STP8DvDyc/dI5b8T5hshtkjS+E42TnysNCUPdjciGhY=
